version = 1
revision = 3
requires-python = "==3.12.*"

[[package]]
name = "colorama"
version = "0.4.6"
source = { registry = "https://pypi.org/simple" }
sdist = { url = "https://files.pythonhosted.org/packages/d8/53/6f443c9a4a8358a93a6792e2acffb9d9d5cb0a5cfd8802644b7b1c9a02e4/colorama-0.4.6.tar.gz", hash = "sha256:08695f5cb7ed6e0531a20572697297273c47b8cae5a63ffc6d6ed5c201be6e44", size = 27697, upload-time = "2022-10-25T02:36:22.414Z" }
wheels = [
    { url = "https://files.pythonhosted.org/packages/d1/d6/3965ed04c63042e047cb6a3e6ed1a63a35087b6a609aa3a15ed8ac56c221/colorama-0.4.6-py2.py3-none-any.whl", hash = "sha256:4f1d9991f5acc0ca119f9d443620b77f9d6b33703e51011c16baf57afb285fc6", size = 25335, upload-time = "2022-10-25T02:36:20.889Z" },
]

[[package]]
name = "coverage"
version = "7.15.3"
source = { registry = "https://pypi.org/simple" }
sdist = { url = "https://files.pythonhosted.org/packages/f4/45/78dbf9604ee5b3db24efbf26bed1cb58862fb40480cba821963c69348751/coverage-7.15.3.tar.gz", hash = "sha256:ae7ea5a4614acf399ef0483c4cb34f8f8f01df848d8fcbe7d3ce0865733f1c4d", size = 935592, upload-time = "2026-08-02T18:50:17.006Z" }
wheels = [
    { url = "https://files.pythonhosted.org/packages/d1/6c/bac99d9d4c6abe856e93bf3f5212982ac0bfac126dd4a042753bd53bc5af/coverage-7.15.3-cp312-cp312-macosx_10_13_x86_64.whl", hash = "sha256:79a3e32e83227d83d9684459ed579769b56c369ac2d7313099b2d9e031d2e10f", size = 222499, upload-time = "2026-08-02T18:48:15.018Z" },
    { url = "https://files.pythonhosted.org/packages/aa/bc/cb9a39b083bc1aa70586482dab25c9be20bab0ec6c155340e50d9066bb1e/coverage-7.15.3-cp312-cp312-macosx_11_0_arm64.whl", hash = "sha256:767feb87c5886d781d0a69fafd450a20826ddab7b79bce1665deb64d21441b60", size = 222866, upload-time = "2026-08-02T18:48:16.884Z" },
    { url = "https://files.pythonhosted.org/packages/58/fb/beaa453d62000a0a5b39838bee2a137afe609a50a71f55e83c73461e513b/coverage-7.15.3-cp312-cp312-manylinux1_i686.manylinux_2_28_i686.manylinux_2_5_i686.whl", hash = "sha256:50951e37033c40548d777b8a8454a2cd622dba1136780065678dccaec307c47f", size = 254367, upload-time = "2026-08-02T18:48:18.507Z" },
    { url = "https://files.pythonhosted.org/packages/66/64/43e72500ed6815cef189f9193f29d7af4b078830337c95ea976cd0c0d427/coverage-7.15.3-cp312-cp312-manylinux1_x86_64.manylinux_2_28_x86_64.manylinux_2_5_x86_64.whl", hash = "sha256:63a4ff67364afb2cac826b8bbd78a5c50ce656a7b7137436b44d7b96a9271088", size = 257103, upload-time = "2026-08-02T18:48:20.172Z" },
    { url = "https://files.pythonhosted.org/packages/66/3a/2893e2937adfe02f45fd38e4a8a0a0d8b7a02ff9e012ac3d009bee3c4f16/coverage-7.15.3-cp312-cp312-manylinux2014_aarch64.manylinux_2_17_aarch64.manylinux_2_28_aarch64.whl", hash = "sha256:6e95e42856509675fe26560310313a6117640e96f9a1e19bb3d220116a27c94c", size = 258220, upload-time = "2026-08-02T18:48:21.963Z" },
    { url = "https://files.pythonhosted.org/packages/30/b4/d5e6e2eb1a62961083734291304b1f85df72e2abe95c76eb88a7f472afd0/coverage-7.15.3-cp312-cp312-manylinux2014_ppc64le.manylinux_2_17_ppc64le.manylinux_2_28_ppc64le.whl", hash = "sha256:abad631cba27094b4631993f4c72e89ac0ca1b3a0236c7abaf8ca79aea619851", size = 260481, upload-time = "2026-08-02T18:48:23.682Z" },
    { url = "https://files.pythonhosted.org/packages/dc/c9/9b72c5c6a9798a9a12cf65f66e077cc1fdd396e61915c862688f9afe1cae/coverage-7.15.3-cp312-cp312-manylinux_2_31_riscv64.manylinux_2_39_riscv64.whl", hash = "sha256:2b0807f1f051dd82a234ad6acdb6f1425baede60be1e84e862496c8cc9262ab9", size = 254749, upload-time = "2026-08-02T18:48:25.32Z" },
    { url = "https://files.pythonhosted.org/packages/92/20/e1c2f759e2dbce559ba85c40c0e4acfecc6cff4b740c294c88e41ccc6111/coverage-7.15.3-cp312-cp312-musllinux_1_2_aarch64.whl", hash = "sha256:d8d6df7aeb5bc464040bbc9ae173d875785d3677ebc4307817997d622d74225e", size = 256138, upload-time = "2026-08-02T18:48:27.064Z" },
    { url = "https://files.pythonhosted.org/packages/a5/ab/48cc7e760f769e86ae290a125ea6e7209dfbdbbbb7ff4f5d9d1ee7a45d57/coverage-7.15.3-cp312-cp312-musllinux_1_2_i686.whl", hash = "sha256:974471c506c9f5758808b47c1ebf7949ecd0848f5c1020e78675fefe5ff46866", size = 254283, upload-time = "2026-08-02T18:48:29.082Z" },
    { url = "https://files.pythonhosted.org/packages/15/26/39529a68154f99b3a1829debd8b25eac384effeec890a293b5bbdcb49186/coverage-7.15.3-cp312-cp312-musllinux_1_2_ppc64le.whl", hash = "sha256:5cba0c9c13e35c86df7998f1afaf6b1da224a3a39e4da59bdabf60c148046dcb", size = 258352, upload-time = "2026-08-02T18:48:30.892Z" },
    { url = "https://files.pythonhosted.org/packages/91/2f/55b82aa3d8d7dd8023a56e7c5c2a70e39a3c44b3353c6cf3faec9ad51566/coverage-7.15.3-cp312-cp312-musllinux_1_2_riscv64.whl", hash = "sha256:4d608dc36a364dce33acbf4fc3a50f9d2054c945f233bb0a2cdb4b90bfa17646", size = 253852, upload-time = "2026-08-02T18:48:32.934Z" },
    { url = "https://files.pythonhosted.org/packages/6a/6d/839f4045124cd3518ecf2c58967e58a911202834e7c5a03cfdf2ab0b29f6/coverage-7.15.3-cp312-cp312-musllinux_1_2_x86_64.whl", hash = "sha256:2395869280554a1941da904423c12660c39f721315e1c02d076a7fe0971382f0", size = 255725, upload-time = "2026-08-02T18:48:34.848Z" },
    { url = "https://files.pythonhosted.org/packages/75/21/d25e3e2a9e327798078c877f469dfb6def860bf6e25036529046227d3e15/coverage-7.15.3-cp312-cp312-win32.whl", hash = "sha256:24f3b21840c3eb76cef3cc70b2bf6649010c64471a84a446538a39306e1ba04d", size = 224566, upload-time = "2026-08-02T18:48:36.661Z" },
    { url = "https://files.pythonhosted.org/packages/b1/0f/df90cc1e8d095ce263968a93e04829821b2afb31ac2752c06a2e0a8e3c13/coverage-7.15.3-cp312-cp312-win_amd64.whl", hash = "sha256:fa7b17902c3c1dd8a7adb52679b7f6340bba08443d710c8838e04db8cf62be2a", size = 225098, upload-time = "2026-08-02T18:48:38.941Z" },
    { url = "https://files.pythonhosted.org/packages/65/c7/ec49e43c58967a07163e2d1c6bbd58112b825b2772ab66784afd6a5400ba/coverage-7.15.3-cp312-cp312-win_arm64.whl", hash = "sha256:fcbe83fb7258eacd293bf5322d88807acb35ed12a5cfa99dd8215c083e3b0235", size = 224485, upload-time = "2026-08-02T18:48:40.682Z" },
    { url = "https://files.pythonhosted.org/packages/37/e7/7069b3d6c018917f49ba2e1c5fb910e498c7fefa3a1b78cb1b79e61ff45d/coverage-7.15.3-py3-none-any.whl", hash = "sha256:da78fa6fc7dafe4212839173133ee85afcf42c5cd5f3e47fa7c1c210453b445e", size = 214297, upload-time = "2026-08-02T18:50:14.709Z" },
]

[[package]]
name = "iniconfig"
version = "2.3.0"
source = { registry = "https://pypi.org/simple" }
sdist = { url = "https://files.pythonhosted.org/packages/72/34/14ca021ce8e5dfedc35312d08ba8bf51fdd999c576889fc2c24cb97f4f10/iniconfig-2.3.0.tar.gz", hash = "sha256:c76315c77db068650d49c5b56314774a7804df16fee4402c1f19d6d15d8c4730", size = 20503, upload-time = "2025-10-18T21:55:43.219Z" }
wheels = [
    { url = "https://files.pythonhosted.org/packages/cb/b1/3846dd7f199d53cb17f49cba7e651e9ce294d8497c8c150530ed11865bb8/iniconfig-2.3.0-py3-none-any.whl", hash = "sha256:f631c04d2c48c52b84d0d0549c99ff3859c98df65b3101406327ecc7d53fbf12", size = 7484, upload-time = "2025-10-18T21:55:41.639Z" },
]

[[package]]
name = "institutional-signal-engine"
version = "0.0.0"
source = { editable = "." }

[package.dev-dependencies]
dev = [
    { name = "mypy" },
    { name = "pytest" },
    { name = "pytest-cov" },
    { name = "ruff" },
]

[package.metadata]

[package.metadata.requires-dev]
dev = [
    { name = "mypy", specifier = ">=1.17,<2" },
    { name = "pytest", specifier = ">=8.4,<9" },
    { name = "pytest-cov", specifier = ">=6.2,<7" },
    { name = "ruff", specifier = ">=0.12,<0.13" },
]

[[package]]
name = "librt"
version = "0.13.0"
source = { registry = "https://pypi.org/simple" }
sdist = { url = "https://files.pythonhosted.org/packages/dc/2f/3908645ddddab7120b46295e541ead308109fa48dbec7d67d7a778870d60/librt-0.13.0.tar.gz", hash = "sha256:1d2a610c14ac0d0750ee0a3ab8548e83155258387891caaca04def4bf7289781", size = 211402, upload-time = "2026-07-08T12:26:29.834Z" }
wheels = [
    { url = "https://files.pythonhosted.org/packages/f0/f4/b2933ddae222dac338476abb872641169a5cfed2c2bb5444a5b07b32b0c3/librt-0.13.0-cp312-cp312-macosx_10_13_x86_64.whl", hash = "sha256:30536798f4504c0fad0885b1d371b0539abb081e4570c9d7c641cb51141b49f0", size = 150990, upload-time = "2026-07-08T12:25:02.42Z" },
    { url = "https://files.pythonhosted.org/packages/90/ef/db98f744ca50e6efc9c95c70ee49b77aefac31f6a3fc7c83754a42d6a74f/librt-0.13.0-cp312-cp312-macosx_11_0_arm64.whl", hash = "sha256:93d24ebb82aa4420b1409c389e7857bc35bd0b668007ac8172427d5c73cc8cc5", size = 155238, upload-time = "2026-07-08T12:25:03.681Z" },
    { url = "https://files.pythonhosted.org/packages/03/e7/a197e7bc72baf2c61ce7fdc6906a5054dc05bd8da0819aa894e4857bf87e/librt-0.13.0-cp312-cp312-manylinux2014_aarch64.manylinux_2_17_aarch64.manylinux_2_28_aarch64.whl", hash = "sha256:cb8a1adce42d8b75485a5d56a9623a50bcab995b6079f1dac59fc44034dd93d9", size = 503073, upload-time = "2026-07-08T12:25:05.049Z" },
    { url = "https://files.pythonhosted.org/packages/f8/e7/7887712e27da7c1ab80fcabb1de6eb24243964f6557cae530d4b70706dbd/librt-0.13.0-cp312-cp312-manylinux2014_i686.manylinux_2_17_i686.manylinux_2_28_i686.whl", hash = "sha256:0763ca2ab66058174f9dee426dc64f5e0a89c24a7df8d3fe3f1836c04e25de4b", size = 496528, upload-time = "2026-07-08T12:25:06.26Z" },
    { url = "https://files.pythonhosted.org/packages/94/f0/f2283385bb6b950b26a1410f4ce51ec27231e0b3a4b925c46366d218b198/librt-0.13.0-cp312-cp312-manylinux2014_x86_64.manylinux_2_17_x86_64.manylinux_2_28_x86_64.whl", hash = "sha256:b222493da6e7b6199db9bd79502436cf5a27da3c1f7fa83c7e285444fc93fd03", size = 531786, upload-time = "2026-07-08T12:25:07.658Z" },
    { url = "https://files.pythonhosted.org/packages/36/11/69ac3b54766ffba5fd7e5acebfb048d66dbe1f9f2d14516c2b3edc59cf87/librt-0.13.0-cp312-cp312-manylinux_2_34_riscv64.manylinux_2_39_riscv64.whl", hash = "sha256:fadc63331f4388c3dc90090448f682a7e9feafc11481391c1e94f2f907a3976e", size = 524393, upload-time = "2026-07-08T12:25:09.121Z" },
    { url = "https://files.pythonhosted.org/packages/61/5f/d72f95fd444a926a3c14b4e24979474116988dd57a45be242077c45d3c22/librt-0.13.0-cp312-cp312-musllinux_1_2_aarch64.whl", hash = "sha256:70d9c62a4cffd9f23396cd5ef93fc5d11b31596b9b7d6306074abe3d5fcf09bd", size = 543026, upload-time = "2026-07-08T12:25:10.459Z" },
    { url = "https://files.pythonhosted.org/packages/c4/08/dcd9993ad192737a004ba263d549f8ea605b326b952e7d6205c7d4170b76/librt-0.13.0-cp312-cp312-musllinux_1_2_i686.whl", hash = "sha256:66c0e7e6b02a155576df2c77ec933a70b72da726e248c494abf690923e624348", size = 546829, upload-time = "2026-07-08T12:25:11.716Z" },
    { url = "https://files.pythonhosted.org/packages/96/d5/6d9bb2f54e4109a956b7128836529653eb9d740f784bc47ed10a02c1000e/librt-0.13.0-cp312-cp312-musllinux_1_2_riscv64.whl", hash = "sha256:ac04bcd3328eb91d99dfedf6a60d9c1f15d3434e6f6daf922f0420f7d90b85c7", size = 535700, upload-time = "2026-07-08T12:25:13.144Z" },
    { url = "https://files.pythonhosted.org/packages/8c/f2/10946922503858a359492fa27f13e86228bde702116a740ac7b3cd185f24/librt-0.13.0-cp312-cp312-musllinux_1_2_x86_64.whl", hash = "sha256:db327e7271e653c32040b85ae6188059c924b57d7e1e29f935523fa017cd4e82", size = 573566, upload-time = "2026-07-08T12:25:14.336Z" },
    { url = "https://files.pythonhosted.org/packages/48/a8/94f00e3c99479a18088af3685ea016c42f3c7d5d1964d8dbb40c08d7f1aa/librt-0.13.0-cp312-cp312-win32.whl", hash = "sha256:860bd1d8ba48456ce08feaf8d343a8aaeb2fa086f2bcaa2a923fa3f7a3ff9aa3", size = 106099, upload-time = "2026-07-08T12:25:16.159Z" },
    { url = "https://files.pythonhosted.org/packages/c9/7b/2da9c74c1ed25a89cc4e1c8e007ea2eb4a0f1fafa3e70d757fe3242c5c5c/librt-0.13.0-cp312-cp312-win_amd64.whl", hash = "sha256:e54a315caf843c8d77e388cadc56ea9ded569935ee2d2347d7ea94992e5aa6fa", size = 126934, upload-time = "2026-07-08T12:25:17.275Z" },
    { url = "https://files.pythonhosted.org/packages/d0/65/aead61bbf3b5358593f9d4779d2a0e88eaf6ec191a6342dde36dd1df6371/librt-0.13.0-cp312-cp312-win_arm64.whl", hash = "sha256:c718e99a0992127af84385378460db624103b559ab260435abcfe77a4e4ed1c1", size = 112236, upload-time = "2026-07-08T12:25:18.425Z" },
]

[[package]]
name = "mypy"
version = "1.20.2"
source = { registry = "https://pypi.org/simple" }
dependencies = [
    { name = "librt", marker = "platform_python_implementation != 'PyPy'" },
    { name = "mypy-extensions" },
    { name = "pathspec" },
    { name = "typing-extensions" },
]
sdist = { url = "https://files.pythonhosted.org/packages/04/af/e3d4b3e9ec91a0ff9aabfdb38692952acf49bbb899c2e4c29acb3a6da3ae/mypy-1.20.2.tar.gz", hash = "sha256:e8222c26daaafd9e8626dec58ae36029f82585890589576f769a650dd20fd665", size = 3817349, upload-time = "2026-04-21T17:12:28.473Z" }
wheels = [
    { url = "https://files.pythonhosted.org/packages/71/4e/7560e4528db9e9b147e4c0f22660466bf30a0a1fe3d63d1b9d3b0fd354ee/mypy-1.20.2-cp312-cp312-macosx_10_13_x86_64.whl", hash = "sha256:4dbfcf869f6b0517f70cf0030ba6ea1d6645e132337a7d5204a18d8d5636c02b", size = 14539393, upload-time = "2026-04-21T17:07:12.52Z" },
    { url = "https://files.pythonhosted.org/packages/32/d9/34a5efed8124f5a9234f55ac6a4ced4201e2c5b81e1109c49ad23190ec8c/mypy-1.20.2-cp312-cp312-macosx_11_0_arm64.whl", hash = "sha256:4b6481b228d072315b053210b01ac320e1be243dc17f9e5887ef167f23f5fae4", size = 13361642, upload-time = "2026-04-21T17:06:53.742Z" },
    { url = "https://files.pythonhosted.org/packages/d1/14/eb377acf78c03c92d566a1510cda8137348215b5335085ef662ab82ecd3a/mypy-1.20.2-cp312-cp312-manylinux2014_aarch64.manylinux_2_17_aarch64.manylinux_2_28_aarch64.whl", hash = "sha256:34397cdced6b90b836e38182076049fdb41424322e0b0728c946b0939ebdf9f6", size = 13740347, upload-time = "2026-04-21T17:12:04.73Z" },
    { url = "https://files.pythonhosted.org/packages/b9/94/7e4634a32b641aa1c112422eed1bbece61ee16205f674190e8b536f884de/mypy-1.20.2-cp312-cp312-manylinux2014_x86_64.manylinux_2_17_x86_64.manylinux_2_28_x86_64.whl", hash = "sha256:a5da6976f20cae27059ea8d0c86e7cef3de720e04c4bb9ee18e3690fdb792066", size = 14734042, upload-time = "2026-04-21T17:07:43.16Z" },
    { url = "https://files.pythonhosted.org/packages/7a/f3/f7e62395cb7f434541b4491a01149a4439e28ace4c0c632bbf5431e92d1f/mypy-1.20.2-cp312-cp312-musllinux_1_2_x86_64.whl", hash = "sha256:56908d7e08318d39f85b1f0c6cfd47b0cac1a130da677630dac0de3e0623e102", size = 14964958, upload-time = "2026-04-21T17:11:00.665Z" },
    { url = "https://files.pythonhosted.org/packages/3e/0d/47e3c3a0ec2a876e35aeac365df3cac7776c36bbd4ed18cc521e1b9d255b/mypy-1.20.2-cp312-cp312-win_amd64.whl", hash = "sha256:d52ad8d78522da1d308789df651ee5379088e77c76cb1994858d40a426b343b9", size = 10911340, upload-time = "2026-04-21T17:10:49.179Z" },
    { url = "https://files.pythonhosted.org/packages/d6/b2/6c852d72e0ea8b01f49da817fb52539993cde327e7d010e0103dc12d0dac/mypy-1.20.2-cp312-cp312-win_arm64.whl", hash = "sha256:785b08db19c9f214dc37d65f7c165d19a30fcecb48abfa30f31b01b5acaabb58", size = 9833947, upload-time = "2026-04-21T17:09:05.267Z" },
    { url = "https://files.pythonhosted.org/packages/28/9a/f23c163e25b11074188251b0b5a0342625fc1cdb6af604757174fa9acc9b/mypy-1.20.2-py3-none-any.whl", hash = "sha256:a94c5a76ab46c5e6257c7972b6c8cff0574201ca7dc05647e33e795d78680563", size = 2637314, upload-time = "2026-04-21T17:05:54.5Z" },
]

[[package]]
name = "mypy-extensions"
version = "1.1.0"
source = { registry = "https://pypi.org/simple" }
sdist = { url = "https://files.pythonhosted.org/packages/a2/6e/371856a3fb9d31ca8dac321cda606860fa4548858c0cc45d9d1d4ca2628b/mypy_extensions-1.1.0.tar.gz", hash = "sha256:52e68efc3284861e772bbcd66823fde5ae21fd2fdb51c62a211403730b916558", size = 6343, upload-time = "2025-04-22T14:54:24.164Z" }
wheels = [
    { url = "https://files.pythonhosted.org/packages/79/7b/2c79738432f5c924bef5071f933bcc9efd0473bac3b4aa584a6f7c1c8df8/mypy_extensions-1.1.0-py3-none-any.whl", hash = "sha256:1be4cccdb0f2482337c4743e60421de3a356cd97508abadd57d47403e94f5505", size = 4963, upload-time = "2025-04-22T14:54:22.983Z" },
]

[[package]]
name = "packaging"
version = "26.2"
source = { registry = "https://pypi.org/simple" }
sdist = { url = "https://files.pythonhosted.org/packages/d7/f1/e7a6dd94a8d4a5626c03e4e99c87f241ba9e350cd9e6d75123f992427270/packaging-26.2.tar.gz", hash = "sha256:ff452ff5a3e828ce110190feff1178bb1f2ea2281fa2075aadb987c2fb221661", size = 228134, upload-time = "2026-04-24T20:15:23.917Z" }
wheels = [
    { url = "https://files.pythonhosted.org/packages/df/b2/87e62e8c3e2f4b32e5fe99e0b86d576da1312593b39f47d8ceef365e95ed/packaging-26.2-py3-none-any.whl", hash = "sha256:5fc45236b9446107ff2415ce77c807cee2862cb6fac22b8a73826d0693b0980e", size = 100195, upload-time = "2026-04-24T20:15:22.081Z" },
]

[[package]]
name = "pathspec"
version = "1.1.1"
source = { registry = "https://pypi.org/simple" }
sdist = { url = "https://files.pythonhosted.org/packages/5a/82/42f767fc1c1143d6fd36efb827202a2d997a375e160a71eb2888a925aac1/pathspec-1.1.1.tar.gz", hash = "sha256:17db5ecd524104a120e173814c90367a96a98d07c45b2e10c2f3919fff91bf5a", size = 135180, upload-time = "2026-04-27T01:46:08.907Z" }
wheels = [
    { url = "https://files.pythonhosted.org/packages/f1/d9/7fb5aa316bc299258e68c73ba3bddbc499654a07f151cba08f6153988714/pathspec-1.1.1-py3-none-any.whl", hash = "sha256:a00ce642f577bf7f473932318056212bc4f8bfdf53128c78bbd5af0b9b20b189", size = 57328, upload-time = "2026-04-27T01:46:07.06Z" },
]

[[package]]
name = "pluggy"
version = "1.6.0"
source = { registry = "https://pypi.org/simple" }
sdist = { url = "https://files.pythonhosted.org/packages/f9/e2/3e91f31a7d2b083fe6ef3fa267035b518369d9511ffab804f839851d2779/pluggy-1.6.0.tar.gz", hash = "sha256:7dcc130b76258d33b90f61b658791dede3486c3e6bfb003ee5c9bfb396dd22f3", size = 69412, upload-time = "2025-05-15T12:30:07.975Z" }
wheels = [
    { url = "https://files.pythonhosted.org/packages/54/20/4d324d65cc6d9205fabedc306948156824eb9f0ee1633355a8f7ec5c66bf/pluggy-1.6.0-py3-none-any.whl", hash = "sha256:e920276dd6813095e9377c0bc5566d94c932c33b27a3e3945d8389c374dd4746", size = 20538, upload-time = "2025-05-15T12:30:06.134Z" },
]

[[package]]
name = "pygments"
version = "2.20.0"
source = { registry = "https://pypi.org/simple" }
sdist = { url = "https://files.pythonhosted.org/packages/c3/b2/bc9c9196916376152d655522fdcebac55e66de6603a76a02bca1b6414f6c/pygments-2.20.0.tar.gz", hash = "sha256:6757cd03768053ff99f3039c1a36d6c0aa0b263438fcab17520b30a303a82b5f", size = 4955991, upload-time = "2026-03-29T13:29:33.898Z" }
wheels = [
    { url = "https://files.pythonhosted.org/packages/f4/7e/a72dd26f3b0f4f2bf1dd8923c85f7ceb43172af56d63c7383eb62b332364/pygments-2.20.0-py3-none-any.whl", hash = "sha256:81a9e26dd42fd28a23a2d169d86d7ac03b46e2f8b59ed4698fb4785f946d0176", size = 1231151, upload-time = "2026-03-29T13:29:30.038Z" },
]

[[package]]
name = "pytest"
version = "8.4.2"
source = { registry = "https://pypi.org/simple" }
dependencies = [
    { name = "colorama", marker = "sys_platform == 'win32'" },
    { name = "iniconfig" },
    { name = "packaging" },
    { name = "pluggy" },
    { name = "pygments" },
]
sdist = { url = "https://files.pythonhosted.org/packages/a3/5c/00a0e072241553e1a7496d638deababa67c5058571567b92a7eaa258397c/pytest-8.4.2.tar.gz", hash = "sha256:86c0d0b93306b961d58d62a4db4879f27fe25513d4b969df351abdddb3c30e01", size = 1519618, upload-time = "2025-09-04T14:34:22.711Z" }
wheels = [
    { url = "https://files.pythonhosted.org/packages/a8/a4/20da314d277121d6534b3a980b29035dcd51e6744bd79075a6ce8fa4eb8d/pytest-8.4.2-py3-none-any.whl", hash = "sha256:872f880de3fc3a5bdc88a11b39c9710c3497a547cfa9320bc3c5e62fbf272e79", size = 365750, upload-time = "2025-09-04T14:34:20.226Z" },
]

[[package]]
name = "pytest-cov"
version = "6.3.0"
source = { registry = "https://pypi.org/simple" }
dependencies = [
    { name = "coverage" },
    { name = "pluggy" },
    { name = "pytest" },
]
sdist = { url = "https://files.pythonhosted.org/packages/30/4c/f883ab8f0daad69f47efdf95f55a66b51a8b939c430dadce0611508d9e99/pytest_cov-6.3.0.tar.gz", hash = "sha256:35c580e7800f87ce892e687461166e1ac2bcb8fb9e13aea79032518d6e503ff2", size = 70398, upload-time = "2025-09-06T15:40:14.361Z" }
wheels = [
    { url = "https://files.pythonhosted.org/packages/80/b4/bb7263e12aade3842b938bc5c6958cae79c5ee18992f9b9349019579da0f/pytest_cov-6.3.0-py3-none-any.whl", hash = "sha256:440db28156d2468cafc0415b4f8e50856a0d11faefa38f30906048fe490f1749", size = 25115, upload-time = "2025-09-06T15:40:12.44Z" },
]

[[package]]
name = "ruff"
version = "0.12.12"
source = { registry = "https://pypi.org/simple" }
sdist = { url = "https://files.pythonhosted.org/packages/a8/f0/e0965dd709b8cabe6356811c0ee8c096806bb57d20b5019eb4e48a117410/ruff-0.12.12.tar.gz", hash = "sha256:b86cd3415dbe31b3b46a71c598f4c4b2f550346d1ccf6326b347cc0c8fd063d6", size = 5359915, upload-time = "2025-09-04T16:50:18.273Z" }
wheels = [
    { url = "https://files.pythonhosted.org/packages/09/79/8d3d687224d88367b51c7974cec1040c4b015772bfbeffac95face14c04a/ruff-0.12.12-py3-none-linux_armv6l.whl", hash = "sha256:de1c4b916d98ab289818e55ce481e2cacfaad7710b01d1f990c497edf217dafc", size = 12116602, upload-time = "2025-09-04T16:49:18.892Z" },
    { url = "https://files.pythonhosted.org/packages/c3/c3/6e599657fe192462f94861a09aae935b869aea8a1da07f47d6eae471397c/ruff-0.12.12-py3-none-macosx_10_12_x86_64.whl", hash = "sha256:7acd6045e87fac75a0b0cdedacf9ab3e1ad9d929d149785903cff9bb69ad9727", size = 12868393, upload-time = "2025-09-04T16:49:23.043Z" },
    { url = "https://files.pythonhosted.org/packages/e8/d2/9e3e40d399abc95336b1843f52fc0daaceb672d0e3c9290a28ff1a96f79d/ruff-0.12.12-py3-none-macosx_11_0_arm64.whl", hash = "sha256:abf4073688d7d6da16611f2f126be86523a8ec4343d15d276c614bda8ec44edb", size = 12036967, upload-time = "2025-09-04T16:49:26.04Z" },
    { url = "https://files.pythonhosted.org/packages/e9/03/6816b2ed08836be272e87107d905f0908be5b4a40c14bfc91043e76631b8/ruff-0.12.12-py3-none-manylinux_2_17_aarch64.manylinux2014_aarch64.whl", hash = "sha256:968e77094b1d7a576992ac078557d1439df678a34c6fe02fd979f973af167577", size = 12276038, upload-time = "2025-09-04T16:49:29.056Z" },
    { url = "https://files.pythonhosted.org/packages/9f/d5/707b92a61310edf358a389477eabd8af68f375c0ef858194be97ca5b6069/ruff-0.12.12-py3-none-manylinux_2_17_armv7l.manylinux2014_armv7l.whl", hash = "sha256:42a67d16e5b1ffc6d21c5f67851e0e769517fb57a8ebad1d0781b30888aa704e", size = 11901110, upload-time = "2025-09-04T16:49:32.07Z" },
    { url = "https://files.pythonhosted.org/packages/9d/3d/f8b1038f4b9822e26ec3d5b49cf2bc313e3c1564cceb4c1a42820bf74853/ruff-0.12.12-py3-none-manylinux_2_17_i686.manylinux2014_i686.whl", hash = "sha256:b216ec0a0674e4b1214dcc998a5088e54eaf39417327b19ffefba1c4a1e4971e", size = 13668352, upload-time = "2025-09-04T16:49:35.148Z" },
    { url = "https://files.pythonhosted.org/packages/98/0e/91421368ae6c4f3765dd41a150f760c5f725516028a6be30e58255e3c668/ruff-0.12.12-py3-none-manylinux_2_17_ppc64.manylinux2014_ppc64.whl", hash = "sha256:59f909c0fdd8f1dcdbfed0b9569b8bf428cf144bec87d9de298dcd4723f5bee8", size = 14638365, upload-time = "2025-09-04T16:49:38.892Z" },
    { url = "https://files.pythonhosted.org/packages/74/5d/88f3f06a142f58ecc8ecb0c2fe0b82343e2a2b04dcd098809f717cf74b6c/ruff-0.12.12-py3-none-manylinux_2_17_ppc64le.manylinux2014_ppc64le.whl", hash = "sha256:9ac93d87047e765336f0c18eacad51dad0c1c33c9df7484c40f98e1d773876f5", size = 14060812, upload-time = "2025-09-04T16:49:42.732Z" },
    { url = "https://files.pythonhosted.org/packages/13/fc/8962e7ddd2e81863d5c92400820f650b86f97ff919c59836fbc4c1a6d84c/ruff-0.12.12-py3-none-manylinux_2_17_s390x.manylinux2014_s390x.whl", hash = "sha256:01543c137fd3650d322922e8b14cc133b8ea734617c4891c5a9fccf4bfc9aa92", size = 13050208, upload-time = "2025-09-04T16:49:46.434Z" },
    { url = "https://files.pythonhosted.org/packages/53/06/8deb52d48a9a624fd37390555d9589e719eac568c020b27e96eed671f25f/ruff-0.12.12-py3-none-manylinux_2_17_x86_64.manylinux2014_x86_64.whl", hash = "sha256:2afc2fa864197634e549d87fb1e7b6feb01df0a80fd510d6489e1ce8c0b1cc45", size = 13311444, upload-time = "2025-09-04T16:49:49.931Z" },
    { url = "https://files.pythonhosted.org/packages/2a/81/de5a29af7eb8f341f8140867ffb93f82e4fde7256dadee79016ac87c2716/ruff-0.12.12-py3-none-manylinux_2_31_riscv64.whl", hash = "sha256:0c0945246f5ad776cb8925e36af2438e66188d2b57d9cf2eed2c382c58b371e5", size = 13279474, upload-time = "2025-09-04T16:49:53.465Z" },
    { url = "https://files.pythonhosted.org/packages/7f/14/d9577fdeaf791737ada1b4f5c6b59c21c3326f3f683229096cccd7674e0c/ruff-0.12.12-py3-none-musllinux_1_2_aarch64.whl", hash = "sha256:a0fbafe8c58e37aae28b84a80ba1817f2ea552e9450156018a478bf1fa80f4e4", size = 12070204, upload-time = "2025-09-04T16:49:56.882Z" },
    { url = "https://files.pythonhosted.org/packages/77/04/a910078284b47fad54506dc0af13839c418ff704e341c176f64e1127e461/ruff-0.12.12-py3-none-musllinux_1_2_armv7l.whl", hash = "sha256:b9c456fb2fc8e1282affa932c9e40f5ec31ec9cbb66751a316bd131273b57c23", size = 11880347, upload-time = "2025-09-04T16:49:59.729Z" },
    { url = "https://files.pythonhosted.org/packages/df/58/30185fcb0e89f05e7ea82e5817b47798f7fa7179863f9d9ba6fd4fe1b098/ruff-0.12.12-py3-none-musllinux_1_2_i686.whl", hash = "sha256:5f12856123b0ad0147d90b3961f5c90e7427f9acd4b40050705499c98983f489", size = 12891844, upload-time = "2025-09-04T16:50:02.591Z" },
    { url = "https://files.pythonhosted.org/packages/21/9c/28a8dacce4855e6703dcb8cdf6c1705d0b23dd01d60150786cd55aa93b16/ruff-0.12.12-py3-none-musllinux_1_2_x86_64.whl", hash = "sha256:26a1b5a2bf7dd2c47e3b46d077cd9c0fc3b93e6c6cc9ed750bd312ae9dc302ee", size = 13360687, upload-time = "2025-09-04T16:50:05.8Z" },
    { url = "https://files.pythonhosted.org/packages/c8/fa/05b6428a008e60f79546c943e54068316f32ec8ab5c4f73e4563934fbdc7/ruff-0.12.12-py3-none-win32.whl", hash = "sha256:173be2bfc142af07a01e3a759aba6f7791aa47acf3604f610b1c36db888df7b1", size = 12052870, upload-time = "2025-09-04T16:50:09.121Z" },
    { url = "https://files.pythonhosted.org/packages/85/60/d1e335417804df452589271818749d061b22772b87efda88354cf35cdb7a/ruff-0.12.12-py3-none-win_amd64.whl", hash = "sha256:e99620bf01884e5f38611934c09dd194eb665b0109104acae3ba6102b600fd0d", size = 13178016, upload-time = "2025-09-04T16:50:12.559Z" },
    { url = "https://files.pythonhosted.org/packages/28/7e/61c42657f6e4614a4258f1c3b0c5b93adc4d1f8575f5229d1906b483099b/ruff-0.12.12-py3-none-win_arm64.whl", hash = "sha256:2a8199cab4ce4d72d158319b63370abf60991495fb733db96cd923a34c52d093", size = 12256762, upload-time = "2025-09-04T16:50:15.737Z" },
]

[[package]]
name = "typing-extensions"
version = "4.16.0"
source = { registry = "https://pypi.org/simple" }
sdist = { url = "https://files.pythonhosted.org/packages/f6/cc/6253133b5bb138fc3306cebfbda2c520f545d36b5be2c7255cc528bb45d6/typing_extensions-4.16.0.tar.gz", hash = "sha256:dc983d19a509c94dba722ee6abd33940f7c05a89e243c47e907eb4db6f1a43e5", size = 113555, upload-time = "2026-07-02T08:40:05.92Z" }
wheels = [
    { url = "https://files.pythonhosted.org/packages/49/d3/b8441a820a491ddfc024b0b0cf0393375b75ea13866d9c66727e54c2fc80/typing_extensions-4.16.0-py3-none-any.whl", hash = "sha256:481caa481374e813c1b176ada14e97f1f67a4539ce9cfeb3f350d78d6370c2e8", size = 45571, upload-time = "2026-07-02T08:40:04.659Z" },
]
